Microsoft Visual Studio Solution File, Format Version 12.00
# Visual Studio Version 17
VisualStudioVersion = 17.5.2.0
MinimumVisualStudioVersion = 10.0.40219.1
Project("{FAE04EC0-301F-11D3-BF4B-00C04F79EFBC}") = "NeuralNetwork", "NeuralNetwork\NeuralNetwork.csproj", "{CCD270CF-B508-2DC8-4D82-2BCA0875FD19}"
EndProject
Global
	GlobalSection(SolutionConfigurationPlatforms) = preSolution
		Debug|Any CPU = Debug|Any CPU
		Release|Any CPU = Release|Any CPU
	EndGlobalSection
	GlobalSection(ProjectConfigurationPlatforms) = postSolution
		{CCD270CF-B508-2DC8-4D82-2BCA0875FD19}.Debug|Any CPU.ActiveCfg = Debug|Any CPU
		{CCD270CF-B508-2DC8-4D82-2BCA0875FD19}.Debug|Any CPU.Build.0 = Debug|Any CPU
		{CCD270CF-B508-2DC8-4D82-2BCA0875FD19}.Release|Any CPU.ActiveCfg = Release|Any CPU
		{CCD270CF-B508-2DC8-4D82-2BCA0875FD19}.Release|Any CPU.Build.0 = Release|Any CPU
	EndGlobalSection
	GlobalSection(SolutionProperties) = preSolution
		HideSolutionNode = FALSE
	EndGlobalSection
	GlobalSection(ExtensibilityGlobals) = postSolution
		SolutionGuid = {41A8A9CE-6030-45B0-9B81-CE4F7B4FE88D}
	EndGlobalSection
EndGlobal
